
Microsoft Visual Studio Solution File, Format Version 10.00
# Visual Studio 2008
Project("{8BC9CEB8-8B4A-11D0-8D11-00A0C91BC942}") = "InfoCenterOfSmartPhone", "InfoCenterOfSmartPhone.vcproj", "{63AAFBF4-1830-4934-8D32-8AAD7BCE0C8E}"
EndProject
Project("{8BC9CEB8-8B4A-11D0-8D11-00A0C91BC942}") = "SqliteOpenSource", "..\SqliteOpenSource\SqliteOpenSource.vcproj", "{5DECACC9-AAC9-4A37-9BE0-EB748B032325}"
EndProject
Global
	GlobalSection(SolutionConfigurationPlatforms) = preSolution
		Debug|M8SDK (ARMV4I) = Debug|M8SDK (ARMV4I)
		Debug|Mixed Platforms = Debug|Mixed Platforms
		Debug|Win32 = Debug|Win32
		Release|M8SDK (ARMV4I) = Release|M8SDK (ARMV4I)
		Release|Mixed Platforms = Release|Mixed Platforms
		Release|Win32 = Release|Win32
	EndGlobalSection
	GlobalSection(ProjectConfigurationPlatforms) = postSolution
		{63AAFBF4-1830-4934-8D32-8AAD7BCE0C8E}.Debug|M8SDK (ARMV4I).ActiveCfg = Debug|M8SDK (ARMV4I)
		{63AAFBF4-1830-4934-8D32-8AAD7BCE0C8E}.Debug|M8SDK (ARMV4I).Build.0 = Debug|M8SDK (ARMV4I)
		{63AAFBF4-1830-4934-8D32-8AAD7BCE0C8E}.Debug|M8SDK (ARMV4I).Deploy.0 = Debug|M8SDK (ARMV4I)
		{63AAFBF4-1830-4934-8D32-8AAD7BCE0C8E}.Debug|Mixed Platforms.ActiveCfg = Debug|M8SDK (ARMV4I)
		{63AAFBF4-1830-4934-8D32-8AAD7BCE0C8E}.Debug|Mixed Platforms.Build.0 = Debug|M8SDK (ARMV4I)
		{63AAFBF4-1830-4934-8D32-8AAD7BCE0C8E}.Debug|Mixed Platforms.Deploy.0 = Debug|M8SDK (ARMV4I)
		{63AAFBF4-1830-4934-8D32-8AAD7BCE0C8E}.Debug|Win32.ActiveCfg = Debug|M8SDK (ARMV4I)
		{63AAFBF4-1830-4934-8D32-8AAD7BCE0C8E}.Release|M8SDK (ARMV4I).ActiveCfg = Release|M8SDK (ARMV4I)
		{63AAFBF4-1830-4934-8D32-8AAD7BCE0C8E}.Release|M8SDK (ARMV4I).Build.0 = Release|M8SDK (ARMV4I)
		{63AAFBF4-1830-4934-8D32-8AAD7BCE0C8E}.Release|M8SDK (ARMV4I).Deploy.0 = Release|M8SDK (ARMV4I)
		{63AAFBF4-1830-4934-8D32-8AAD7BCE0C8E}.Release|Mixed Platforms.ActiveCfg = Release|M8SDK (ARMV4I)
		{63AAFBF4-1830-4934-8D32-8AAD7BCE0C8E}.Release|Mixed Platforms.Build.0 = Release|M8SDK (ARMV4I)
		{63AAFBF4-1830-4934-8D32-8AAD7BCE0C8E}.Release|Mixed Platforms.Deploy.0 = Release|M8SDK (ARMV4I)
		{63AAFBF4-1830-4934-8D32-8AAD7BCE0C8E}.Release|Win32.ActiveCfg = Release|M8SDK (ARMV4I)
		{5DECACC9-AAC9-4A37-9BE0-EB748B032325}.Debug|M8SDK (ARMV4I).ActiveCfg = Debug|M8SDK (ARMV4I)
		{5DECACC9-AAC9-4A37-9BE0-EB748B032325}.Debug|M8SDK (ARMV4I).Build.0 = Debug|M8SDK (ARMV4I)
		{5DECACC9-AAC9-4A37-9BE0-EB748B032325}.Debug|M8SDK (ARMV4I).Deploy.0 = Debug|M8SDK (ARMV4I)
		{5DECACC9-AAC9-4A37-9BE0-EB748B032325}.Debug|Mixed Platforms.ActiveCfg = Debug|M8SDK (ARMV4I)
		{5DECACC9-AAC9-4A37-9BE0-EB748B032325}.Debug|Mixed Platforms.Build.0 = Debug|M8SDK (ARMV4I)
		{5DECACC9-AAC9-4A37-9BE0-EB748B032325}.Debug|Mixed Platforms.Deploy.0 = Debug|M8SDK (ARMV4I)
		{5DECACC9-AAC9-4A37-9BE0-EB748B032325}.Debug|Win32.ActiveCfg = Debug|M8SDK (ARMV4I)
		{5DECACC9-AAC9-4A37-9BE0-EB748B032325}.Release|M8SDK (ARMV4I).ActiveCfg = Release|M8SDK (ARMV4I)
		{5DECACC9-AAC9-4A37-9BE0-EB748B032325}.Release|M8SDK (ARMV4I).Build.0 = Release|M8SDK (ARMV4I)
		{5DECACC9-AAC9-4A37-9BE0-EB748B032325}.Release|M8SDK (ARMV4I).Deploy.0 = Release|M8SDK (ARMV4I)
		{5DECACC9-AAC9-4A37-9BE0-EB748B032325}.Release|Mixed Platforms.ActiveCfg = Release|M8SDK (ARMV4I)
		{5DECACC9-AAC9-4A37-9BE0-EB748B032325}.Release|Mixed Platforms.Build.0 = Release|M8SDK (ARMV4I)
		{5DECACC9-AAC9-4A37-9BE0-EB748B032325}.Release|Mixed Platforms.Deploy.0 = Release|M8SDK (ARMV4I)
		{5DECACC9-AAC9-4A37-9BE0-EB748B032325}.Release|Win32.ActiveCfg = Release|M8SDK (ARMV4I)
	EndGlobalSection
	GlobalSection(SolutionProperties) = preSolution
		HideSolutionNode = FALSE
	EndGlobalSection
EndGlobal
